
Microsoft Visual Studio Solution File, Format Version 12.00
Project("{FAE04EC0-301F-11D3-BF4B-00C04F79EFBC}") = "DeviceManagementApplication", "DeviceManagementApplication\DeviceManagementApplication.csproj", "{A84368A1-D1C4-44FE-B64E-E0C12C0831FC}"
EndProject
Project("{FAE04EC0-301F-11D3-BF4B-00C04F79EFBC}") = "DeviceManagementDomain", "DeviceManagementDomain\DeviceManagementDomain.csproj", "{3AF5EC31-03E7-4CA4-BACB-0311835B9056}"
EndProject
Project("{FAE04EC0-301F-11D3-BF4B-00C04F79EFBC}") = "DeviceManagementInfrastucture", "DeviceManagementInfrastucture\DeviceManagementInfrastucture.csproj", "{B8F54472-EED6-441C-906A-9159C2D44AF7}"
EndProject
Project("{FAE04EC0-301F-11D3-BF4B-00C04F79EFBC}") = "DeviceManagementApiPresentation", "DeviceManagementApiPresentation\DeviceManagementApiPresentation.csproj", "{C86645E8-F041-497C-B59F-3EF8B5902CFF}"
EndProject
Global
	GlobalSection(SolutionConfigurationPlatforms) = preSolution
		Debug|Any CPU = Debug|Any CPU
		Release|Any CPU = Release|Any CPU
	EndGlobalSection
	GlobalSection(ProjectConfigurationPlatforms) = postSolution
		{A84368A1-D1C4-44FE-B64E-E0C12C0831FC}.Debug|Any CPU.ActiveCfg = Debug|Any CPU
		{A84368A1-D1C4-44FE-B64E-E0C12C0831FC}.Debug|Any CPU.Build.0 = Debug|Any CPU
		{A84368A1-D1C4-44FE-B64E-E0C12C0831FC}.Release|Any CPU.ActiveCfg = Release|Any CPU
		{A84368A1-D1C4-44FE-B64E-E0C12C0831FC}.Release|Any CPU.Build.0 = Release|Any CPU
		{3AF5EC31-03E7-4CA4-BACB-0311835B9056}.Debug|Any CPU.ActiveCfg = Debug|Any CPU
		{3AF5EC31-03E7-4CA4-BACB-0311835B9056}.Debug|Any CPU.Build.0 = Debug|Any CPU
		{3AF5EC31-03E7-4CA4-BACB-0311835B9056}.Release|Any CPU.ActiveCfg = Release|Any CPU
		{3AF5EC31-03E7-4CA4-BACB-0311835B9056}.Release|Any CPU.Build.0 = Release|Any CPU
		{B8F54472-EED6-441C-906A-9159C2D44AF7}.Debug|Any CPU.ActiveCfg = Debug|Any CPU
		{B8F54472-EED6-441C-906A-9159C2D44AF7}.Debug|Any CPU.Build.0 = Debug|Any CPU
		{B8F54472-EED6-441C-906A-9159C2D44AF7}.Release|Any CPU.ActiveCfg = Release|Any CPU
		{B8F54472-EED6-441C-906A-9159C2D44AF7}.Release|Any CPU.Build.0 = Release|Any CPU
		{C86645E8-F041-497C-B59F-3EF8B5902CFF}.Debug|Any CPU.ActiveCfg = Debug|Any CPU
		{C86645E8-F041-497C-B59F-3EF8B5902CFF}.Debug|Any CPU.Build.0 = Debug|Any CPU
		{C86645E8-F041-497C-B59F-3EF8B5902CFF}.Release|Any CPU.ActiveCfg = Release|Any CPU
		{C86645E8-F041-497C-B59F-3EF8B5902CFF}.Release|Any CPU.Build.0 = Release|Any CPU
	EndGlobalSection
EndGlobal
